
Microsoft Visual Studio Solution File, Format Version 12.00
# Visual Studio Version 17
VisualStudioVersion = 17.8.34330.188
MinimumVisualStudioVersion = 10.0.40219.1
Project("{FAE04EC0-301F-11D3-BF4B-00C04F79EFBC}") = "calc", "calc\calc.csproj", "{0CA53E63-F876-4A03-85D2-B0C24E255D10}"
EndProject
Global
	GlobalSection(SolutionConfigurationPlatforms) = preSolution
		Debug|Any CPU = Debug|Any CPU
		Release|Any CPU = Release|Any CPU
	EndGlobalSection
	GlobalSection(ProjectConfigurationPlatforms) = postSolution
		{0CA53E63-F876-4A03-85D2-B0C24E255D10}.Debug|Any CPU.ActiveCfg = Debug|Any CPU
		{0CA53E63-F876-4A03-85D2-B0C24E255D10}.Debug|Any CPU.Build.0 = Debug|Any CPU
		{0CA53E63-F876-4A03-85D2-B0C24E255D10}.Release|Any CPU.ActiveCfg = Release|Any CPU
		{0CA53E63-F876-4A03-85D2-B0C24E255D10}.Release|Any CPU.Build.0 = Release|Any CPU
	EndGlobalSection
	GlobalSection(SolutionProperties) = preSolution
		HideSolutionNode = FALSE
	EndGlobalSection
	GlobalSection(ExtensibilityGlobals) = postSolution
		SolutionGuid = {7709A949-A832-4C35-AD56-1F35B2BDA4C9}
	EndGlobalSection
EndGlobal
